{
    "_readme": [
        "This file locks the dependencies of your project to a known state",
        "Read more about it at http://getcomposer.org/doc/01-basic-usage.md#composer-lock-the-lock-file"
    ],
    "hash": "156d6e2ea20441ff1f931036e0b9e423",
    "packages": [
        {
            "name": "pear-pear.php.net/VersionControl_Git",
            "version": "0.4.4",
            "dist": {
                "type": "file",
                "url": "http://pear.php.net/get/VersionControl_Git-0.4.4.tgz",
                "reference": null,
                "shasum": null
            },
            "require": {
                "php": ">=5.1.0.0"
            },
            "replace": {
                "pear-pear/versioncontrol_git": "== 0.4.4.0"
            },
            "type": "pear-library",
            "autoload": {
                "classmap": [
                    ""
                ]
            },
            "include-path": [
                "/"
            ],
            "description": "VersionControl_Git is a library that provides OO interface to handle Git repository.\n  You can use Git command via the wrapper class. Some features are provided by high-featured interface."
        },
        {
            "name": "phing/phing",
            "version": "2.4.13",
            "source": {
                "type": "git",
                "url": "https://github.com/phingofficial/phing",
                "reference": "2.4.13"
            },
            "dist": {
                "type": "zip",
                "url": "https://github.com/phingofficial/phing/archive/2.4.13.zip",
                "reference": "2.4.13",
                "shasum": ""
            },
            "require": {
                "php": ">=5.2.0"
            },
            "bin": [
                "bin/phing"
            ],
            "type": "library",
            "autoload": {
                "classmap": [
                    "classes/phing/"
                ]
            },
            "notification-url": "https://packagist.org/downloads/",
            "include-path": [
                "classes"
            ],
            "license": [
                "LGPL3"
            ],
            "authors": [
                {
                    "name": "Michiel Rook",
                    "email": "mrook@php.net"
                },
                {
                    "name": "Phing Community",
                    "homepage": "http://www.phing.info/trac/wiki/Development/Contributors"
                }
            ],
            "description": "PHing Is Not GNU make; it's a PHP project build system or build tool based on Apache Ant.",
            "homepage": "http://www.phing.info/",
            "keywords": [
                "build",
                "task",
                "tool"
            ],
            "time": "2012-11-20 06:49:06"
        }
    ],
    "packages-dev": [

    ],
    "aliases": [

    ],
    "minimum-stability": "stable",
    "stability-flags": [

    ],
    "platform": [

    ],
    "platform-dev": [

    ]
}
